Microsoft Visual Studio Solution File, Format Version 12.00
# Visual Studio Version 17
VisualStudioVersion = 17.5.2.0
MinimumVisualStudioVersion = 10.0.40219.1
Project("{FAE04EC0-301F-11D3-BF4B-00C04F79EFBC}") = "UAGC-Lambda", "UAGC-Lambda.csproj", "{DE71162C-0DAF-92A2-A024-709DA45CDACC}"
EndProject
Global
	GlobalSection(SolutionConfigurationPlatforms) = preSolution
		Debug|Any CPU = Debug|Any CPU
		Release|Any CPU = Release|Any CPU
	EndGlobalSection
	GlobalSection(ProjectConfigurationPlatforms) = postSolution
		{DE71162C-0DAF-92A2-A024-709DA45CDACC}.Debug|Any CPU.ActiveCfg = Debug|Any CPU
		{DE71162C-0DAF-92A2-A024-709DA45CDACC}.Debug|Any CPU.Build.0 = Debug|Any CPU
		{DE71162C-0DAF-92A2-A024-709DA45CDACC}.Release|Any CPU.ActiveCfg = Release|Any CPU
		{DE71162C-0DAF-92A2-A024-709DA45CDACC}.Release|Any CPU.Build.0 = Release|Any CPU
	EndGlobalSection
	GlobalSection(SolutionProperties) = preSolution
		HideSolutionNode = FALSE
	EndGlobalSection
	GlobalSection(ExtensibilityGlobals) = postSolution
		SolutionGuid = {9E19B8A4-C857-4CA1-9BD4-7D1FC325A330}
	EndGlobalSection
EndGlobal
